// !$*UTF8*$!
{
	archiveVersion = 1;
	classes = {
	};
	objectVersion = 46;
	objects = {

/* Begin PBXBuildFile section */
		856493B41D859DA900B494D7 /* main.m in Sources */ = {isa = PBXBuildFile; fileRef = 856493B31D859DA900B494D7 /* main.m */; };
		856493B71D859DA900B494D7 /* AppDelegate.m in Sources */ = {isa = PBXBuildFile; fileRef = 856493B61D859DA900B494D7 /* AppDelegate.m */; };
		856493BA1D859DA900B494D7 /* ViewController.m in Sources */ = {isa = PBXBuildFile; fileRef = 856493B91D859DA900B494D7 /* ViewController.m */; };
		856493BD1D859DA900B494D7 /* Main.storyboard in Resources */ = {isa = PBXBuildFile; fileRef = 856493BB1D859DA900B494D7 /* Main.storyboard */; };
		856493BF1D859DA900B494D7 /* Assets.xcassets in Resources */ = {isa = PBXBuildFile; fileRef = 856493BE1D859DA900B494D7 /* Assets.xcassets */; };
		856493C21D859DA900B494D7 /* LaunchScreen.storyboard in Resources */ = {isa = PBXBuildFile; fileRef = 856493C01D859DA900B494D7 /* LaunchScreen.storyboard */; };
		856493D11D85A5B600B494D7 /* ZSPlayerVideoBrightnessView.m in Sources */ = {isa = PBXBuildFile; fileRef = 856493D01D85A5B600B494D7 /* ZSPlayerVideoBrightnessView.m */; };
		856493EF1D85ACD100B494D7 /* kr-video-player-close@2x.png in Resources */ = {isa = PBXBuildFile; fileRef = 856493D31D85ACD100B494D7 /* kr-video-player-close@2x.png */; };
		856493F01D85ACD100B494D7 /* kr-video-player-close@3x.png in Resources */ = {isa = PBXBuildFile; fileRef = 856493D41D85ACD100B494D7 /* kr-video-player-close@3x.png */; };
		856493F11D85ACD100B494D7 /* kr-video-player-fullscreen@2x.png in Resources */ = {isa = PBXBuildFile; fileRef = 856493D51D85ACD100B494D7 /* kr-video-player-fullscreen@2x.png */; };
		856493F21D85ACD100B494D7 /* kr-video-player-fullscreen@3x.png in Resources */ = {isa = PBXBuildFile; fileRef = 856493D61D85ACD100B494D7 /* kr-video-player-fullscreen@3x.png */; };
		856493F31D85ACD100B494D7 /* kr-video-player-pause@2x.png in Resources */ = {isa = PBXBuildFile; fileRef = 856493D71D85ACD100B494D7 /* kr-video-player-pause@2x.png */; };
		856493F41D85ACD100B494D7 /* kr-video-player-pause@3x.png in Resources */ = {isa = PBXBuildFile; fileRef = 856493D81D85ACD100B494D7 /* kr-video-player-pause@3x.png */; };
		856493F51D85ACD100B494D7 /* kr-video-player-play@2x.png in Resources */ = {isa = PBXBuildFile; fileRef = 856493D91D85ACD100B494D7 /* kr-video-player-play@2x.png */; };
		856493F61D85ACD100B494D7 /* kr-video-player-play@3x.png in Resources */ = {isa = PBXBuildFile; fileRef = 856493DA1D85ACD100B494D7 /* kr-video-player-play@3x.png */; };
		856493F71D85ACD100B494D7 /* kr-video-player-point@2x.png in Resources */ = {isa = PBXBuildFile; fileRef = 856493DB1D85ACD100B494D7 /* kr-video-player-point@2x.png */; };
		856493F81D85ACD100B494D7 /* kr-video-player-point@3x.png in Resources */ = {isa = PBXBuildFile; fileRef = 856493DC1D85ACD100B494D7 /* kr-video-player-point@3x.png */; };
		856493F91D85ACD100B494D7 /* kr-video-player-shrinkscreen@2x.png in Resources */ = {isa = PBXBuildFile; fileRef = 856493DD1D85ACD100B494D7 /* kr-video-player-shrinkscreen@2x.png */; };
		856493FA1D85ACD100B494D7 /* kr-video-player-shrinkscreen@3x.png in Resources */ = {isa = PBXBuildFile; fileRef = 856493DE1D85ACD100B494D7 /* kr-video-player-shrinkscreen@3x.png */; };
		856493FB1D85ACD100B494D7 /* zx-video-banner-back.png in Resources */ = {isa = PBXBuildFile; fileRef = 856493DF1D85ACD100B494D7 /* zx-video-banner-back.png */; };
		856493FC1D85ACD100B494D7 /* zx-video-banner-back@2x.png in Resources */ = {isa = PBXBuildFile; fileRef = 856493E01D85ACD100B494D7 /* zx-video-banner-back@2x.png */; };
		856493FD1D85ACD100B494D7 /* zx-video-player-brightness@2x.png in Resources */ = {isa = PBXBuildFile; fileRef = 856493E11D85ACD100B494D7 /* zx-video-player-brightness@2x.png */; };
		856493FE1D85ACD100B494D7 /* zx-video-player-brightness@3x.png in Resources */ = {isa = PBXBuildFile; fileRef = 856493E21D85ACD100B494D7 /* zx-video-player-brightness@3x.png */; };
		856493FF1D85ACD100B494D7 /* zx-video-player-fastForward@2x.png in Resources */ = {isa = PBXBuildFile; fileRef = 856493E31D85ACD100B494D7 /* zx-video-player-fastForward@2x.png */; };
		856494001D85ACD100B494D7 /* zx-video-player-fastForward@3x.png in Resources */ = {isa = PBXBuildFile; fileRef = 856493E41D85ACD100B494D7 /* zx-video-player-fastForward@3x.png */; };
		856494011D85ACD100B494D7 /* zx-video-player-lock@2x.png in Resources */ = {isa = PBXBuildFile; fileRef = 856493E51D85ACD100B494D7 /* zx-video-player-lock@2x.png */; };
		856494021D85ACD100B494D7 /* zx-video-player-lock@3x.png in Resources */ = {isa = PBXBuildFile; fileRef = 856493E61D85ACD100B494D7 /* zx-video-player-lock@3x.png */; };
		856494031D85ACD100B494D7 /* zx-video-player-rewind@2x.png in Resources */ = {isa = PBXBuildFile; fileRef = 856493E71D85ACD100B494D7 /* zx-video-player-rewind@2x.png */; };
		856494041D85ACD100B494D7 /* zx-video-player-rewind@3x.png in Resources */ = {isa = PBXBuildFile; fileRef = 856493E81D85ACD100B494D7 /* zx-video-player-rewind@3x.png */; };
		856494051D85ACD100B494D7 /* zx-video-player-unlock@2x.png in Resources */ = {isa = PBXBuildFile; fileRef = 856493E91D85ACD100B494D7 /* zx-video-player-unlock@2x.png */; };
		856494061D85ACD100B494D7 /* zx-video-player-unlock@3x.png in Resources */ = {isa = PBXBuildFile; fileRef = 856493EA1D85ACD100B494D7 /* zx-video-player-unlock@3x.png */; };
		856494071D85ACD100B494D7 /* zx-video-player-volume@2x.png in Resources */ = {isa = PBXBuildFile; fileRef = 856493EB1D85ACD100B494D7 /* zx-video-player-volume@2x.png */; };
		856494081D85ACD100B494D7 /* zx-video-player-volume@3x.png in Resources */ = {isa = PBXBuildFile; fileRef = 856493EC1D85ACD100B494D7 /* zx-video-player-volume@3x.png */; };
		856494091D85ACD100B494D7 /* zx-video-player-volumeMute@2x.png in Resources */ = {isa = PBXBuildFile; fileRef = 856493ED1D85ACD100B494D7 /* zx-video-player-volumeMute@2x.png */; };
		8564940A1D85ACD100B494D7 /* zx-video-player-volumeMute@3x.png in Resources */ = {isa = PBXBuildFile; fileRef = 856493EE1D85ACD100B494D7 /* zx-video-player-volumeMute@3x.png */; };
		8564940D1D85B71200B494D7 /* ZSPlayerVideoContolView.m in Sources */ = {isa = PBXBuildFile; fileRef = 8564940C1D85B71200B494D7 /* ZSPlayerVideoContolView.m */; };
		856494101D85B7AD00B494D7 /* ZSPlayerVideoTimeIndicatorView.m in Sources */ = {isa = PBXBuildFile; fileRef = 8564940F1D85B7AD00B494D7 /* ZSPlayerVideoTimeIndicatorView.m */; };
		856494131D85B7D000B494D7 /* ZSPlayerVideoVolumeView.m in Sources */ = {isa = PBXBuildFile; fileRef = 856494121D85B7D000B494D7 /* ZSPlayerVideoVolumeView.m */; };
		856494191D8A47C700B494D7 /* ZSPlayerVideoController.m in Sources */ = {isa = PBXBuildFile; fileRef = 856494181D8A47C700B494D7 /* ZSPlayerVideoController.m */; };
		8564941C1D8E4B5300B494D7 /* ZSVideo.m in Sources */ = {isa = PBXBuildFile; fileRef = 8564941B1D8E4B5300B494D7 /* ZSVideo.m */; };
		8564941F1D8E84B600B494D7 /* ZSPlayerMainViewController.m in Sources */ = {isa = PBXBuildFile; fileRef = 8564941E1D8E84B600B494D7 /* ZSPlayerMainViewController.m */; };
		856494211D8E932400B494D7 /* 150511_JiveBike.mov in Resources */ = {isa = PBXBuildFile; fileRef = 856494201D8E932400B494D7 /* 150511_JiveBike.mov */; };
/* End PBXBuildFile section */

/* Begin PBXFileReference section */
		856493AF1D859DA900B494D7 /* ZSAVPlayerVideo.app */ = {isa = PBXFileReference; explicitFileType = wrapper.application; includeInIndex = 0; path = ZSAVPlayerVideo.app; sourceTree = BUILT_PRODUCTS_DIR; };
		856493B31D859DA900B494D7 /* main.m */ = {isa = PBXFileReference; lastKnownFileType = sourcecode.c.objc; path = main.m; sourceTree = "<group>"; };
		856493B51D859DA900B494D7 /* AppDelegate.h */ = {isa = PBXFileReference; lastKnownFileType = sourcecode.c.h; path = AppDelegate.h; sourceTree = "<group>"; };
		856493B61D859DA900B494D7 /* AppDelegate.m */ = {isa = PBXFileReference; lastKnownFileType = sourcecode.c.objc; path = AppDelegate.m; sourceTree = "<group>"; };
		856493B81D859DA900B494D7 /* ViewController.h */ = {isa = PBXFileReference; lastKnownFileType = sourcecode.c.h; path = ViewController.h; sourceTree = "<group>"; };
		856493B91D859DA900B494D7 /* ViewController.m */ = {isa = PBXFileReference; lastKnownFileType = sourcecode.c.objc; path = ViewController.m; sourceTree = "<group>"; };
		856493BC1D859DA900B494D7 /* Base */ = {isa = PBXFileReference; lastKnownFileType = file.storyboard; name = Base; path = Base.lproj/Main.storyboard; sourceTree = "<group>"; };
		856493BE1D859DA900B494D7 /* Assets.xcassets */ = {isa = PBXFileReference; lastKnownFileType = folder.assetcatalog; path = Assets.xcassets; sourceTree = "<group>"; };
		856493C11D859DA900B494D7 /* Base */ = {isa = PBXFileReference; lastKnownFileType = file.storyboard; name = Base; path = Base.lproj/LaunchScreen.storyboard; sourceTree = "<group>"; };
		856493C31D859DA900B494D7 /* Info.plist */ = {isa = PBXFileReference; lastKnownFileType = text.plist.xml; path = Info.plist; sourceTree = "<group>"; };
		856493CF1D85A5B600B494D7 /* ZSPlayerVideoBrightnessView.h */ = {isa = PBXFileReference; fileEncoding = 4; lastKnownFileType = sourcecode.c.h; path = ZSPlayerVideoBrightnessView.h; sourceTree = "<group>"; };
		856493D01D85A5B600B494D7 /* ZSPlayerVideoBrightnessView.m */ = {isa = PBXFileReference; fileEncoding = 4; lastKnownFileType = sourcecode.c.objc; path = ZSPlayerVideoBrightnessView.m; sourceTree = "<group>"; };
		856493D31D85ACD100B494D7 /* kr-video-player-close@2x.png */ = {isa = PBXFileReference; lastKnownFileType = image.png; path = "kr-video-player-close@2x.png"; sourceTree = "<group>"; };
		856493D41D85ACD100B494D7 /* kr-video-player-close@3x.png */ = {isa = PBXFileReference; lastKnownFileType = image.png; path = "kr-video-player-close@3x.png"; sourceTree = "<group>"; };
		856493D51D85ACD100B494D7 /* kr-video-player-fullscreen@2x.png */ = {isa = PBXFileReference; lastKnownFileType = image.png; path = "kr-video-player-fullscreen@2x.png"; sourceTree = "<group>"; };
		856493D61D85ACD100B494D7 /* kr-video-player-fullscreen@3x.png */ = {isa = PBXFileReference; lastKnownFileType = image.png; path = "kr-video-player-fullscreen@3x.png"; sourceTree = "<group>"; };
		856493D71D85ACD100B494D7 /* kr-video-player-pause@2x.png */ = {isa = PBXFileReference; lastKnownFileType = image.png; path = "kr-video-player-pause@2x.png"; sourceTree = "<group>"; };
		856493D81D85ACD100B494D7 /* kr-video-player-pause@3x.png */ = {isa = PBXFileReference; lastKnownFileType = image.png; path = "kr-video-player-pause@3x.png"; sourceTree = "<group>"; };
		856493D91D85ACD100B494D7 /* kr-video-player-play@2x.png */ = {isa = PBXFileReference; lastKnownFileType = image.png; path = "kr-video-player-play@2x.png"; sourceTree = "<group>"; };
		856493DA1D85ACD100B494D7 /* kr-video-player-play@3x.png */ = {isa = PBXFileReference; lastKnownFileType = image.png; path = "kr-video-player-play@3x.png"; sourceTree = "<group>"; };
		856493DB1D85ACD100B494D7 /* kr-video-player-point@2x.png */ = {isa = PBXFileReference; lastKnownFileType = image.png; path = "kr-video-player-point@2x.png"; sourceTree = "<group>"; };
		856493DC1D85ACD100B494D7 /* kr-video-player-point@3x.png */ = {isa = PBXFileReference; lastKnownFileType = image.png; path = "kr-video-player-point@3x.png"; sourceTree = "<group>"; };
		856493DD1D85ACD100B494D7 /* kr-video-player-shrinkscreen@2x.png */ = {isa = PBXFileReference; lastKnownFileType = image.png; path = "kr-video-player-shrinkscreen@2x.png"; sourceTree = "<group>"; };
		856493DE1D85ACD100B494D7 /* kr-video-player-shrinkscreen@3x.png */ = {isa = PBXFileReference; lastKnownFileType = image.png; path = "kr-video-player-shrinkscreen@3x.png"; sourceTree = "<group>"; };
		856493DF1D85ACD100B494D7 /* zx-video-banner-back.png */ = {isa = PBXFileReference; lastKnownFileType = image.png; path = "zx-video-banner-back.png"; sourceTree = "<group>"; };
		856493E01D85ACD100B494D7 /* zx-video-banner-back@2x.png */ = {isa = PBXFileReference; lastKnownFileType = image.png; path = "zx-video-banner-back@2x.png"; sourceTree = "<group>"; };
		856493E11D85ACD100B494D7 /* zx-video-player-brightness@2x.png */ = {isa = PBXFileReference; lastKnownFileType = image.png; path = "zx-video-player-brightness@2x.png"; sourceTree = "<group>"; };
		856493E21D85ACD100B494D7 /* zx-video-player-brightness@3x.png */ = {isa = PBXFileReference; lastKnownFileType = image.png; path = "zx-video-player-brightness@3x.png"; sourceTree = "<group>"; };
		856493E31D85ACD100B494D7 /* zx-video-player-fastForward@2x.png */ = {isa = PBXFileReference; lastKnownFileType = image.png; path = "zx-video-player-fastForward@2x.png"; sourceTree = "<group>"; };
		856493E41D85ACD100B494D7 /* zx-video-player-fastForward@3x.png */ = {isa = PBXFileReference; lastKnownFileType = image.png; path = "zx-video-player-fastForward@3x.png"; sourceTree = "<group>"; };
		856493E51D85ACD100B494D7 /* zx-video-player-lock@2x.png */ = {isa = PBXFileReference; lastKnownFileType = image.png; path = "zx-video-player-lock@2x.png"; sourceTree = "<group>"; };
		856493E61D85ACD100B494D7 /* zx-video-player-lock@3x.png */ = {isa = PBXFileReference; lastKnownFileType = image.png; path = "zx-video-player-lock@3x.png"; sourceTree = "<group>"; };
		856493E71D85ACD100B494D7 /* zx-video-player-rewind@2x.png */ = {isa = PBXFileReference; lastKnownFileType = image.png; path = "zx-video-player-rewind@2x.png"; sourceTree = "<group>"; };
		856493E81D85ACD100B494D7 /* zx-video-player-rewind@3x.png */ = {isa = PBXFileReference; lastKnownFileType = image.png; path = "zx-video-player-rewind@3x.png"; sourceTree = "<group>"; };
		856493E91D85ACD100B494D7 /* zx-video-player-unlock@2x.png */ = {isa = PBXFileReference; lastKnownFileType = image.png; path = "zx-video-player-unlock@2x.png"; sourceTree = "<group>"; };
		856493EA1D85ACD100B494D7 /* zx-video-player-unlock@3x.png */ = {isa = PBXFileReference; lastKnownFileType = image.png; path = "zx-video-player-unlock@3x.png"; sourceTree = "<group>"; };
		856493EB1D85ACD100B494D7 /* zx-video-player-volume@2x.png */ = {isa = PBXFileReference; lastKnownFileType = image.png; path = "zx-video-player-volume@2x.png"; sourceTree = "<group>"; };
		856493EC1D85ACD100B494D7 /* zx-video-player-volume@3x.png */ = {isa = PBXFileReference; lastKnownFileType = image.png; path = "zx-video-player-volume@3x.png"; sourceTree = "<group>"; };
		856493ED1D85ACD100B494D7 /* zx-video-player-volumeMute@2x.png */ = {isa = PBXFileReference; lastKnownFileType = image.png; path = "zx-video-player-volumeMute@2x.png"; sourceTree = "<group>"; };
		856493EE1D85ACD100B494D7 /* zx-video-player-volumeMute@3x.png */ = {isa = PBXFileReference; lastKnownFileType = image.png; path = "zx-video-player-volumeMute@3x.png"; sourceTree = "<group>"; };
		8564940B1D85B71200B494D7 /* ZSPlayerVideoContolView.h */ = {isa = PBXFileReference; fileEncoding = 4; lastKnownFileType = sourcecode.c.h; path = ZSPlayerVideoContolView.h; sourceTree = "<group>"; };
		8564940C1D85B71200B494D7 /* ZSPlayerVideoContolView.m */ = {isa = PBXFileReference; fileEncoding = 4; lastKnownFileType = sourcecode.c.objc; path = ZSPlayerVideoContolView.m; sourceTree = "<group>"; };
		8564940E1D85B7AD00B494D7 /* ZSPlayerVideoTimeIndicatorView.h */ = {isa = PBXFileReference; fileEncoding = 4; lastKnownFileType = sourcecode.c.h; path = ZSPlayerVideoTimeIndicatorView.h; sourceTree = "<group>"; };
		8564940F1D85B7AD00B494D7 /* ZSPlayerVideoTimeIndicatorView.m */ = {isa = PBXFileReference; fileEncoding = 4; lastKnownFileType = sourcecode.c.objc; path = ZSPlayerVideoTimeIndicatorView.m; sourceTree = "<group>"; };
		856494111D85B7D000B494D7 /* ZSPlayerVideoVolumeView.h */ = {isa = PBXFileReference; fileEncoding = 4; lastKnownFileType = sourcecode.c.h; path = ZSPlayerVideoVolumeView.h; sourceTree = "<group>"; };
		856494121D85B7D000B494D7 /* ZSPlayerVideoVolumeView.m */ = {isa = PBXFileReference; fileEncoding = 4; lastKnownFileType = sourcecode.c.objc; path = ZSPlayerVideoVolumeView.m; sourceTree = "<group>"; };
		856494171D8A47C700B494D7 /* ZSPlayerVideoController.h */ = {isa = PBXFileReference; fileEncoding = 4; lastKnownFileType = sourcecode.c.h; path = ZSPlayerVideoController.h; sourceTree = "<group>"; };
		856494181D8A47C700B494D7 /* ZSPlayerVideoController.m */ = {isa = PBXFileReference; fileEncoding = 4; lastKnownFileType = sourcecode.c.objc; path = ZSPlayerVideoController.m; sourceTree = "<group>"; };
		8564941A1D8E4B5300B494D7 /* ZSVideo.h */ = {isa = PBXFileReference; fileEncoding = 4; lastKnownFileType = sourcecode.c.h; path = ZSVideo.h; sourceTree = "<group>"; };
		8564941B1D8E4B5300B494D7 /* ZSVideo.m */ = {isa = PBXFileReference; fileEncoding = 4; lastKnownFileType = sourcecode.c.objc; path = ZSVideo.m; sourceTree = "<group>"; };
		8564941D1D8E84B600B494D7 /* ZSPlayerMainViewController.h */ = {isa = PBXFileReference; fileEncoding = 4; lastKnownFileType = sourcecode.c.h; path = ZSPlayerMainViewController.h; sourceTree = "<group>"; };
		8564941E1D8E84B600B494D7 /* ZSPlayerMainViewController.m */ = {isa = PBXFileReference; fileEncoding = 4; lastKnownFileType = sourcecode.c.objc; path = ZSPlayerMainViewController.m; sourceTree = "<group>"; };
		856494201D8E932400B494D7 /* 150511_JiveBike.mov */ = {isa = PBXFileReference; lastKnownFileType = video.quicktime; path = 150511_JiveBike.mov; sourceTree = "<group>"; };
/* End PBXFileReference section */

/* Begin PBXFrameworksBuildPhase section */
		856493AC1D859DA900B494D7 /* Frameworks */ = {
			isa = PBXFrameworksBuildPhase;
			buildActionMask = 2147483647;
			files = (
			);
			runOnlyForDeploymentPostprocessing = 0;
		};
/* End PBXFrameworksBuildPhase section */

/* Begin PBXGroup section */
		856493A61D859DA900B494D7 = {
			isa = PBXGroup;
			children = (
				856493B11D859DA900B494D7 /* ZSAVPlayerVideo */,
				856493B01D859DA900B494D7 /* Products */,
			);
			sourceTree = "<group>";
		};
		856493B01D859DA900B494D7 /* Products */ = {
			isa = PBXGroup;
			children = (
				856493AF1D859DA900B494D7 /* ZSAVPlayerVideo.app */,
			);
			name = Products;
			sourceTree = "<group>";
		};
		856493B11D859DA900B494D7 /* ZSAVPlayerVideo */ = {
			isa = PBXGroup;
			children = (
				856493D21D85ACD100B494D7 /* Assets */,
				856493CF1D85A5B600B494D7 /* ZSPlayerVideoBrightnessView.h */,
				856493D01D85A5B600B494D7 /* ZSPlayerVideoBrightnessView.m */,
				8564940E1D85B7AD00B494D7 /* ZSPlayerVideoTimeIndicatorView.h */,
				8564940F1D85B7AD00B494D7 /* ZSPlayerVideoTimeIndicatorView.m */,
				856494111D85B7D000B494D7 /* ZSPlayerVideoVolumeView.h */,
				856494121D85B7D000B494D7 /* ZSPlayerVideoVolumeView.m */,
				8564940B1D85B71200B494D7 /* ZSPlayerVideoContolView.h */,
				8564940C1D85B71200B494D7 /* ZSPlayerVideoContolView.m */,
				856494171D8A47C700B494D7 /* ZSPlayerVideoController.h */,
				856494181D8A47C700B494D7 /* ZSPlayerVideoController.m */,
				8564941A1D8E4B5300B494D7 /* ZSVideo.h */,
				8564941B1D8E4B5300B494D7 /* ZSVideo.m */,
				856493B51D859DA900B494D7 /* AppDelegate.h */,
				856493B61D859DA900B494D7 /* AppDelegate.m */,
				856493B81D859DA900B494D7 /* ViewController.h */,
				856493B91D859DA900B494D7 /* ViewController.m */,
				8564941D1D8E84B600B494D7 /* ZSPlayerMainViewController.h */,
				8564941E1D8E84B600B494D7 /* ZSPlayerMainViewController.m */,
				856493BB1D859DA900B494D7 /* Main.storyboard */,
				856493BE1D859DA900B494D7 /* Assets.xcassets */,
				856493C01D859DA900B494D7 /* LaunchScreen.storyboard */,
				856493C31D859DA900B494D7 /* Info.plist */,
				856493B21D859DA900B494D7 /* Supporting Files */,
			);
			path = ZSAVPlayerVideo;
			sourceTree = "<group>";
		};
		856493B21D859DA900B494D7 /* Supporting Files */ = {
			isa = PBXGroup;
			children = (
				856494201D8E932400B494D7 /* 150511_JiveBike.mov */,
				856493B31D859DA900B494D7 /* main.m */,
			);
			name = "Supporting Files";
			sourceTree = "<group>";
		};
		856493D21D85ACD100B494D7 /* Assets */ = {
			isa = PBXGroup;
			children = (
				856493D31D85ACD100B494D7 /* kr-video-player-close@2x.png */,
				856493D41D85ACD100B494D7 /* kr-video-player-close@3x.png */,
				856493D51D85ACD100B494D7 /* kr-video-player-fullscreen@2x.png */,
				856493D61D85ACD100B494D7 /* kr-video-player-fullscreen@3x.png */,
				856493D71D85ACD100B494D7 /* kr-video-player-pause@2x.png */,
				856493D81D85ACD100B494D7 /* kr-video-player-pause@3x.png */,
				856493D91D85ACD100B494D7 /* kr-video-player-play@2x.png */,
				856493DA1D85ACD100B494D7 /* kr-video-player-play@3x.png */,
				856493DB1D85ACD100B494D7 /* kr-video-player-point@2x.png */,
				856493DC1D85ACD100B494D7 /* kr-video-player-point@3x.png */,
				856493DD1D85ACD100B494D7 /* kr-video-player-shrinkscreen@2x.png */,
				856493DE1D85ACD100B494D7 /* kr-video-player-shrinkscreen@3x.png */,
				856493DF1D85ACD100B494D7 /* zx-video-banner-back.png */,
				856493E01D85ACD100B494D7 /* zx-video-banner-back@2x.png */,
				856493E11D85ACD100B494D7 /* zx-video-player-brightness@2x.png */,
				856493E21D85ACD100B494D7 /* zx-video-player-brightness@3x.png */,
				856493E31D85ACD100B494D7 /* zx-video-player-fastForward@2x.png */,
				856493E41D85ACD100B494D7 /* zx-video-player-fastForward@3x.png */,
				856493E51D85ACD100B494D7 /* zx-video-player-lock@2x.png */,
				856493E61D85ACD100B494D7 /* zx-video-player-lock@3x.png */,
				856493E71D85ACD100B494D7 /* zx-video-player-rewind@2x.png */,
				856493E81D85ACD100B494D7 /* zx-video-player-rewind@3x.png */,
				856493E91D85ACD100B494D7 /* zx-video-player-unlock@2x.png */,
				856493EA1D85ACD100B494D7 /* zx-video-player-unlock@3x.png */,
				856493EB1D85ACD100B494D7 /* zx-video-player-volume@2x.png */,
				856493EC1D85ACD100B494D7 /* zx-video-player-volume@3x.png */,
				856493ED1D85ACD100B494D7 /* zx-video-player-volumeMute@2x.png */,
				856493EE1D85ACD100B494D7 /* zx-video-player-volumeMute@3x.png */,
			);
			path = Assets;
			sourceTree = "<group>";
		};
/* End PBXGroup section */

/* Begin PBXNativeTarget section */
		856493AE1D859DA900B494D7 /* ZSAVPlayerVideo */ = {
			isa = PBXNativeTarget;
			buildConfigurationList = 856493C61D859DA900B494D7 /* Build configuration list for PBXNativeTarget "ZSAVPlayerVideo" */;
			buildPhases = (
				856493AB1D859DA900B494D7 /* Sources */,
				856493AC1D859DA900B494D7 /* Frameworks */,
				856493AD1D859DA900B494D7 /* Resources */,
			);
			buildRules = (
			);
			dependencies = (
			);
			name = ZSAVPlayerVideo;
			productName = ZSAVPlayerVideo;
			productReference = 856493AF1D859DA900B494D7 /* ZSAVPlayerVideo.app */;
			productType = "com.apple.product-type.application";
		};
/* End PBXNativeTarget section */

/* Begin PBXProject section */
		856493A71D859DA900B494D7 /* Project object */ = {
			isa = PBXProject;
			attributes = {
				LastUpgradeCheck = 0720;
				ORGANIZATIONNAME = "周松";
				TargetAttributes = {
					856493AE1D859DA900B494D7 = {
						CreatedOnToolsVersion = 7.2;
						DevelopmentTeam = UHEU266226;
					};
				};
			};
			buildConfigurationList = 856493AA1D859DA900B494D7 /* Build configuration list for PBXProject "ZSAVPlayerVideo" */;
			compatibilityVersion = "Xcode 3.2";
			developmentRegion = English;
			hasScannedForEncodings = 0;
			knownRegions = (
				en,
				Base,
			);
			mainGroup = 856493A61D859DA900B494D7;
			productRefGroup = 856493B01D859DA900B494D7 /* Products */;
			projectDirPath = "";
			projectRoot = "";
			targets = (
				856493AE1D859DA900B494D7 /* ZSAVPlayerVideo */,
			);
		};
/* End PBXProject section */

/* Begin PBXResourcesBuildPhase section */
		856493AD1D859DA900B494D7 /* Resources */ = {
			isa = PBXResourcesBuildPhase;
			buildActionMask = 2147483647;
			files = (
				8564940A1D85ACD100B494D7 /* zx-video-player-volumeMute@3x.png in Resources */,
				856494031D85ACD100B494D7 /* zx-video-player-rewind@2x.png in Resources */,
				856494011D85ACD100B494D7 /* zx-video-player-lock@2x.png in Resources */,
				856493F51D85ACD100B494D7 /* kr-video-player-play@2x.png in Resources */,
				856493F01D85ACD100B494D7 /* kr-video-player-close@3x.png in Resources */,
				856494021D85ACD100B494D7 /* zx-video-player-lock@3x.png in Resources */,
				856493FB1D85ACD100B494D7 /* zx-video-banner-back.png in Resources */,
				856494081D85ACD100B494D7 /* zx-video-player-volume@3x.png in Resources */,
				856494211D8E932400B494D7 /* 150511_JiveBike.mov in Resources */,
				856493FC1D85ACD100B494D7 /* zx-video-banner-back@2x.png in Resources */,
				856493F61D85ACD100B494D7 /* kr-video-player-play@3x.png in Resources */,
				856493F21D85ACD100B494D7 /* kr-video-player-fullscreen@3x.png in Resources */,
				856494041D85ACD100B494D7 /* zx-video-player-rewind@3x.png in Resources */,
				856493F81D85ACD100B494D7 /* kr-video-player-point@3x.png in Resources */,
				856494071D85ACD100B494D7 /* zx-video-player-volume@2x.png in Resources */,
				856493F11D85ACD100B494D7 /* kr-video-player-fullscreen@2x.png in Resources */,
				856493FE1D85ACD100B494D7 /* zx-video-player-brightness@3x.png in Resources */,
				856493C21D859DA900B494D7 /* LaunchScreen.storyboard in Resources */,
				856493BF1D859DA900B494D7 /* Assets.xcassets in Resources */,
				856493FD1D85ACD100B494D7 /* zx-video-player-brightness@2x.png in Resources */,
				856493BD1D859DA900B494D7 /* Main.storyboard in Resources */,
				856493F91D85ACD100B494D7 /* kr-video-player-shrinkscreen@2x.png in Resources */,
				856493F41D85ACD100B494D7 /* kr-video-player-pause@3x.png in Resources */,
				856493FA1D85ACD100B494D7 /* kr-video-player-shrinkscreen@3x.png in Resources */,
				856493EF1D85ACD100B494D7 /* kr-video-player-close@2x.png in Resources */,
				856494001D85ACD100B494D7 /* zx-video-player-fastForward@3x.png in Resources */,
				856493F31D85ACD100B494D7 /* kr-video-player-pause@2x.png in Resources */,
				856494051D85ACD100B494D7 /* zx-video-player-unlock@2x.png in Resources */,
				856493F71D85ACD100B494D7 /* kr-video-player-point@2x.png in Resources */,
				856494061D85ACD100B494D7 /* zx-video-player-unlock@3x.png in Resources */,
				856494091D85ACD100B494D7 /* zx-video-player-volumeMute@2x.png in Resources */,
				856493FF1D85ACD100B494D7 /* zx-video-player-fastForward@2x.png in Resources */,
			);
			runOnlyForDeploymentPostprocessing = 0;
		};
/* End PBXResourcesBuildPhase section */

/* Begin PBXSourcesBuildPhase section */
		856493AB1D859DA900B494D7 /* Sources */ = {
			isa = PBXSourcesBuildPhase;
			buildActionMask = 2147483647;
			files = (
				856493BA1D859DA900B494D7 /* ViewController.m in Sources */,
				856494191D8A47C700B494D7 /* ZSPlayerVideoController.m in Sources */,
				856493D11D85A5B600B494D7 /* ZSPlayerVideoBrightnessView.m in Sources */,
				8564941C1D8E4B5300B494D7 /* ZSVideo.m in Sources */,
				856494101D85B7AD00B494D7 /* ZSPlayerVideoTimeIndicatorView.m in Sources */,
				856493B71D859DA900B494D7 /* AppDelegate.m in Sources */,
				856493B41D859DA900B494D7 /* main.m in Sources */,
				8564940D1D85B71200B494D7 /* ZSPlayerVideoContolView.m in Sources */,
				856494131D85B7D000B494D7 /* ZSPlayerVideoVolumeView.m in Sources */,
				8564941F1D8E84B600B494D7 /* ZSPlayerMainViewController.m in Sources */,
			);
			runOnlyForDeploymentPostprocessing = 0;
		};
/* End PBXSourcesBuildPhase section */

/* Begin PBXVariantGroup section */
		856493BB1D859DA900B494D7 /* Main.storyboard */ = {
			isa = PBXVariantGroup;
			children = (
				856493BC1D859DA900B494D7 /* Base */,
			);
			name = Main.storyboard;
			sourceTree = "<group>";
		};
		856493C01D859DA900B494D7 /* LaunchScreen.storyboard */ = {
			isa = PBXVariantGroup;
			children = (
				856493C11D859DA900B494D7 /* Base */,
			);
			name = LaunchScreen.storyboard;
			sourceTree = "<group>";
		};
/* End PBXVariantGroup section */

/* Begin XCBuildConfiguration section */
		856493C41D859DA900B494D7 /* Debug */ = {
			isa = XCBuildConfiguration;
			buildSettings = {
				ALWAYS_SEARCH_USER_PATHS = NO;
				CLANG_CXX_LANGUAGE_STANDARD = "gnu++0x";
				CLANG_CXX_LIBRARY = "libc++";
				CLANG_ENABLE_MODULES = YES;
				CLANG_ENABLE_OBJC_ARC = YES;
				CLANG_WARN_BOOL_CONVERSION = YES;
				CLANG_WARN_CONSTANT_CONVERSION = YES;
				CLANG_WARN_DIRECT_OBJC_ISA_USAGE = YES_ERROR;
				CLANG_WARN_EMPTY_BODY = YES;
				CLANG_WARN_ENUM_CONVERSION = YES;
				CLANG_WARN_INT_CONVERSION = YES;
				CLANG_WARN_OBJC_ROOT_CLASS = YES_ERROR;
				CLANG_WARN_UNREACHABLE_CODE = YES;
				CLANG_WARN__DUPLICATE_METHOD_MATCH = YES;
				"CODE_SIGN_IDENTITY[sdk=iphoneos*]" = "iPhone Developer";
				COPY_PHASE_STRIP = NO;
				DEBUG_INFORMATION_FORMAT = dwarf;
				ENABLE_STRICT_OBJC_MSGSEND = YES;
				ENABLE_TESTABILITY = YES;
				GCC_C_LANGUAGE_STANDARD = gnu99;
				GCC_DYNAMIC_NO_PIC = NO;
				GCC_NO_COMMON_BLOCKS = YES;
				GCC_OPTIMIZATION_LEVEL = 0;
				GCC_PREPROCESSOR_DEFINITIONS = (
					"DEBUG=1",
					"$(inherited)",
				);
				GCC_WARN_64_TO_32_BIT_CONVERSION = YES;
				GCC_WARN_ABOUT_RETURN_TYPE = YES_ERROR;
				GCC_WARN_UNDECLARED_SELECTOR = YES;
				GCC_WARN_UNINITIALIZED_AUTOS = YES_AGGRESSIVE;
				GCC_WARN_UNUSED_FUNCTION = YES;
				GCC_WARN_UNUSED_VARIABLE = YES;
				IPHONEOS_DEPLOYMENT_TARGET = 9.2;
				MTL_ENABLE_DEBUG_INFO = YES;
				ONLY_ACTIVE_ARCH = YES;
				SDKROOT = iphoneos;
				TARGETED_DEVICE_FAMILY = "1,2";
			};
			name = Debug;
		};
		856493C51D859DA900B494D7 /* Release */ = {
			isa = XCBuildConfiguration;
			buildSettings = {
				ALWAYS_SEARCH_USER_PATHS = NO;
				CLANG_CXX_LANGUAGE_STANDARD = "gnu++0x";
				CLANG_CXX_LIBRARY = "libc++";
				CLANG_ENABLE_MODULES = YES;
				CLANG_ENABLE_OBJC_ARC = YES;
				CLANG_WARN_BOOL_CONVERSION = YES;
				CLANG_WARN_CONSTANT_CONVERSION = YES;
				CLANG_WARN_DIRECT_OBJC_ISA_USAGE = YES_ERROR;
				CLANG_WARN_EMPTY_BODY = YES;
				CLANG_WARN_ENUM_CONVERSION = YES;
				CLANG_WARN_INT_CONVERSION = YES;
				CLANG_WARN_OBJC_ROOT_CLASS = YES_ERROR;
				CLANG_WARN_UNREACHABLE_CODE = YES;
				CLANG_WARN__DUPLICATE_METHOD_MATCH = YES;
				"CODE_SIGN_IDENTITY[sdk=iphoneos*]" = "iPhone Developer";
				COPY_PHASE_STRIP = NO;
				DEBUG_INFORMATION_FORMAT = "dwarf-with-dsym";
				ENABLE_NS_ASSERTIONS = NO;
				ENABLE_STRICT_OBJC_MSGSEND = YES;
				GCC_C_LANGUAGE_STANDARD = gnu99;
				GCC_NO_COMMON_BLOCKS = YES;
				GCC_WARN_64_TO_32_BIT_CONVERSION = YES;
				GCC_WARN_ABOUT_RETURN_TYPE = YES_ERROR;
				GCC_WARN_UNDECLARED_SELECTOR = YES;
				GCC_WARN_UNINITIALIZED_AUTOS = YES_AGGRESSIVE;
				GCC_WARN_UNUSED_FUNCTION = YES;
				GCC_WARN_UNUSED_VARIABLE = YES;
				IPHONEOS_DEPLOYMENT_TARGET = 9.2;
				MTL_ENABLE_DEBUG_INFO = NO;
				SDKROOT = iphoneos;
				TARGETED_DEVICE_FAMILY = "1,2";
				VALIDATE_PRODUCT = YES;
			};
			name = Release;
		};
		856493C71D859DA900B494D7 /* Debug */ = {
			isa = XCBuildConfiguration;
			buildSettings = {
				ASSETCATALOG_COMPILER_APPICON_NAME = AppIcon;
				CODE_SIGN_IDENTITY = "iPhone Developer";
				"CODE_SIGN_IDENTITY[sdk=iphoneos*]" = "iPhone Developer";
				INFOPLIST_FILE = ZSAVPlayerVideo/Info.plist;
				IPHONEOS_DEPLOYMENT_TARGET = 7.0;
				LD_RUNPATH_SEARCH_PATHS = "$(inherited) @executable_path/Frameworks";
				PRODUCT_BUNDLE_IDENTIFIER = com.baidu.ZSAVPlayerVideo;
				PRODUCT_NAME = "$(TARGET_NAME)";
				PROVISIONING_PROFILE = "";
			};
			name = Debug;
		};
		856493C81D859DA900B494D7 /* Release */ = {
			isa = XCBuildConfiguration;
			buildSettings = {
				ASSETCATALOG_COMPILER_APPICON_NAME = AppIcon;
				CODE_SIGN_IDENTITY = "iPhone Developer";
				"CODE_SIGN_IDENTITY[sdk=iphoneos*]" = "iPhone Developer";
				INFOPLIST_FILE = ZSAVPlayerVideo/Info.plist;
				IPHONEOS_DEPLOYMENT_TARGET = 7.0;
				LD_RUNPATH_SEARCH_PATHS = "$(inherited) @executable_path/Frameworks";
				PRODUCT_BUNDLE_IDENTIFIER = com.baidu.ZSAVPlayerVideo;
				PRODUCT_NAME = "$(TARGET_NAME)";
				PROVISIONING_PROFILE = "";
			};
			name = Release;
		};
/* End XCBuildConfiguration section */

/* Begin XCConfigurationList section */
		856493AA1D859DA900B494D7 /* Build configuration list for PBXProject "ZSAVPlayerVideo" */ = {
			isa = XCConfigurationList;
			buildConfigurations = (
				856493C41D859DA900B494D7 /* Debug */,
				856493C51D859DA900B494D7 /* Release */,
			);
			defaultConfigurationIsVisible = 0;
			defaultConfigurationName = Release;
		};
		856493C61D859DA900B494D7 /* Build configuration list for PBXNativeTarget "ZSAVPlayerVideo" */ = {
			isa = XCConfigurationList;
			buildConfigurations = (
				856493C71D859DA900B494D7 /* Debug */,
				856493C81D859DA900B494D7 /* Release */,
			);
			defaultConfigurationIsVisible = 0;
			defaultConfigurationName = Release;
		};
/* End XCConfigurationList section */
	};
	rootObject = 856493A71D859DA900B494D7 /* Project object */;
}
